// !$*UTF8*$!
{
	archiveVersion = 1;
	classes = {
	};
	objectVersion = 46;
	objects = {

/* Begin PBXBuildFile section */
		04FC26901DF6C70800CBDBFF /* AppDelegate.swift in Sources */ = {isa = PBXBuildFile; fileRef = 04FC268F1DF6C70800CBDBFF /* AppDelegate.swift */; };
		04FC26921DF6C70800CBDBFF /* ViewController.swift in Sources */ = {isa = PBXBuildFile; fileRef = 04FC26911DF6C70800CBDBFF /* ViewController.swift */; };
		04FC26951DF6C70800CBDBFF /* Main.storyboard in Resources */ = {isa = PBXBuildFile; fileRef = 04FC26931DF6C70800CBDBFF /* Main.storyboard */; };
		04FC26971DF6C70800CBDBFF /* Assets.xcassets in Resources */ = {isa = PBXBuildFile; fileRef = 04FC26961DF6C70800CBDBFF /* Assets.xcassets */; };
		04FC269A1DF6C70800CBDBFF /* LaunchScreen.storyboard in Resources */ = {isa = PBXBuildFile; fileRef = 04FC26981DF6C70800CBDBFF /* LaunchScreen.storyboard */; };
		04FC26A51DF6C70800CBDBFF /* ZoeLaunchScreenAnimationTests.swift in Sources */ = {isa = PBXBuildFile; fileRef = 04FC26A41DF6C70800CBDBFF /* ZoeLaunchScreenAnimationTests.swift */; };
		04FC26B01DF6C70800CBDBFF /* ZoeLaunchScreenAnimationUITests.swift in Sources */ = {isa = PBXBuildFile; fileRef = 04FC26AF1DF6C70800CBDBFF /* ZoeLaunchScreenAnimationUITests.swift */; };
/* End PBXBuildFile section */

/* Begin PBXContainerItemProxy section */
		04FC26A11DF6C70800CBDBFF /* PBXContainerItemProxy */ = {
			isa = PBXContainerItemProxy;
			containerPortal = 04FC26841DF6C70700CBDBFF /* Project object */;
			proxyType = 1;
			remoteGlobalIDString = 04FC268B1DF6C70700CBDBFF;
			remoteInfo = ZoeLaunchScreenAnimation;
		};
		04FC26AC1DF6C70800CBDBFF /* PBXContainerItemProxy */ = {
			isa = PBXContainerItemProxy;
			containerPortal = 04FC26841DF6C70700CBDBFF /* Project object */;
			proxyType = 1;
			remoteGlobalIDString = 04FC268B1DF6C70700CBDBFF;
			remoteInfo = ZoeLaunchScreenAnimation;
		};
/* End PBXContainerItemProxy section */

/* Begin PBXFileReference section */
		04FC268C1DF6C70800CBDBFF /* ZoeLaunchScreenAnimation.app */ = {isa = PBXFileReference; explicitFileType = wrapper.application; includeInIndex = 0; path = ZoeLaunchScreenAnimation.app; sourceTree = BUILT_PRODUCTS_DIR; };
		04FC268F1DF6C70800CBDBFF /* AppDelegate.swift */ = {isa = PBXFileReference; lastKnownFileType = sourcecode.swift; path = AppDelegate.swift; sourceTree = "<group>"; };
		04FC26911DF6C70800CBDBFF /* ViewController.swift */ = {isa = PBXFileReference; lastKnownFileType = sourcecode.swift; path = ViewController.swift; sourceTree = "<group>"; };
		04FC26941DF6C70800CBDBFF /* Base */ = {isa = PBXFileReference; lastKnownFileType = file.storyboard; name = Base; path = Base.lproj/Main.storyboard; sourceTree = "<group>"; };
		04FC26961DF6C70800CBDBFF /* Assets.xcassets */ = {isa = PBXFileReference; lastKnownFileType = folder.assetcatalog; path = Assets.xcassets; sourceTree = "<group>"; };
		04FC26991DF6C70800CBDBFF /* Base */ = {isa = PBXFileReference; lastKnownFileType = file.storyboard; name = Base; path = Base.lproj/LaunchScreen.storyboard; sourceTree = "<group>"; };
		04FC269B1DF6C70800CBDBFF /* Info.plist */ = {isa = PBXFileReference; lastKnownFileType = text.plist.xml; path = Info.plist; sourceTree = "<group>"; };
		04FC26A01DF6C70800CBDBFF /* ZoeLaunchScreenAnimationTests.xctest */ = {isa = PBXFileReference; explicitFileType = wrapper.cfbundle; includeInIndex = 0; path = ZoeLaunchScreenAnimationTests.xctest; sourceTree = BUILT_PRODUCTS_DIR; };
		04FC26A41DF6C70800CBDBFF /* ZoeLaunchScreenAnimationTests.swift */ = {isa = PBXFileReference; lastKnownFileType = sourcecode.swift; path = ZoeLaunchScreenAnimationTests.swift; sourceTree = "<group>"; };
		04FC26A61DF6C70800CBDBFF /* Info.plist */ = {isa = PBXFileReference; lastKnownFileType = text.plist.xml; path = Info.plist; sourceTree = "<group>"; };
		04FC26AB1DF6C70800CBDBFF /* ZoeLaunchScreenAnimationUITests.xctest */ = {isa = PBXFileReference; explicitFileType = wrapper.cfbundle; includeInIndex = 0; path = ZoeLaunchScreenAnimationUITests.xctest; sourceTree = BUILT_PRODUCTS_DIR; };
		04FC26AF1DF6C70800CBDBFF /* ZoeLaunchScreenAnimationUITests.swift */ = {isa = PBXFileReference; lastKnownFileType = sourcecode.swift; path = ZoeLaunchScreenAnimationUITests.swift; sourceTree = "<group>"; };
		04FC26B11DF6C70900CBDBFF /* Info.plist */ = {isa = PBXFileReference; lastKnownFileType = text.plist.xml; path = Info.plist; sourceTree = "<group>"; };
/* End PBXFileReference section */

/* Begin PBXFrameworksBuildPhase section */
		04FC26891DF6C70700CBDBFF /* Frameworks */ = {
			isa = PBXFrameworksBuildPhase;
			buildActionMask = 2147483647;
			files = (
			);
			runOnlyForDeploymentPostprocessing = 0;
		};
		04FC269D1DF6C70800CBDBFF /* Frameworks */ = {
			isa = PBXFrameworksBuildPhase;
			buildActionMask = 2147483647;
			files = (
			);
			runOnlyForDeploymentPostprocessing = 0;
		};
		04FC26A81DF6C70800CBDBFF /* Frameworks */ = {
			isa = PBXFrameworksBuildPhase;
			buildActionMask = 2147483647;
			files = (
			);
			runOnlyForDeploymentPostprocessing = 0;
		};
/* End PBXFrameworksBuildPhase section */

/* Begin PBXGroup section */
		04FC26831DF6C70700CBDBFF = {
			isa = PBXGroup;
			children = (
				04FC268E1DF6C70800CBDBFF /* ZoeLaunchScreenAnimation */,
				04FC26A31DF6C70800CBDBFF /* ZoeLaunchScreenAnimationTests */,
				04FC26AE1DF6C70800CBDBFF /* ZoeLaunchScreenAnimationUITests */,
				04FC268D1DF6C70800CBDBFF /* Products */,
			);
			sourceTree = "<group>";
		};
		04FC268D1DF6C70800CBDBFF /* Products */ = {
			isa = PBXGroup;
			children = (
				04FC268C1DF6C70800CBDBFF /* ZoeLaunchScreenAnimation.app */,
				04FC26A01DF6C70800CBDBFF /* ZoeLaunchScreenAnimationTests.xctest */,
				04FC26AB1DF6C70800CBDBFF /* ZoeLaunchScreenAnimationUITests.xctest */,
			);
			name = Products;
			sourceTree = "<group>";
		};
		04FC268E1DF6C70800CBDBFF /* ZoeLaunchScreenAnimation */ = {
			isa = PBXGroup;
			children = (
				04FC268F1DF6C70800CBDBFF /* AppDelegate.swift */,
				04FC26911DF6C70800CBDBFF /* ViewController.swift */,
				04FC26931DF6C70800CBDBFF /* Main.storyboard */,
				04FC26961DF6C70800CBDBFF /* Assets.xcassets */,
				04FC26981DF6C70800CBDBFF /* LaunchScreen.storyboard */,
				04FC269B1DF6C70800CBDBFF /* Info.plist */,
			);
			path = ZoeLaunchScreenAnimation;
			sourceTree = "<group>";
		};
		04FC26A31DF6C70800CBDBFF /* ZoeLaunchScreenAnimationTests */ = {
			isa = PBXGroup;
			children = (
				04FC26A41DF6C70800CBDBFF /* ZoeLaunchScreenAnimationTests.swift */,
				04FC26A61DF6C70800CBDBFF /* Info.plist */,
			);
			path = ZoeLaunchScreenAnimationTests;
			sourceTree = "<group>";
		};
		04FC26AE1DF6C70800CBDBFF /* ZoeLaunchScreenAnimationUITests */ = {
			isa = PBXGroup;
			children = (
				04FC26AF1DF6C70800CBDBFF /* ZoeLaunchScreenAnimationUITests.swift */,
				04FC26B11DF6C70900CBDBFF /* Info.plist */,
			);
			path = ZoeLaunchScreenAnimationUITests;
			sourceTree = "<group>";
		};
/* End PBXGroup section */

/* Begin PBXNativeTarget section */
		04FC268B1DF6C70700CBDBFF /* ZoeLaunchScreenAnimation */ = {
			isa = PBXNativeTarget;
			buildConfigurationList = 04FC26B41DF6C70900CBDBFF /* Build configuration list for PBXNativeTarget "ZoeLaunchScreenAnimation" */;
			buildPhases = (
				04FC26881DF6C70700CBDBFF /* Sources */,
				04FC26891DF6C70700CBDBFF /* Frameworks */,
				04FC268A1DF6C70700CBDBFF /* Resources */,
			);
			buildRules = (
			);
			dependencies = (
			);
			name = ZoeLaunchScreenAnimation;
			productName = ZoeLaunchScreenAnimation;
			productReference = 04FC268C1DF6C70800CBDBFF /* ZoeLaunchScreenAnimation.app */;
			productType = "com.apple.product-type.application";
		};
		04FC269F1DF6C70800CBDBFF /* ZoeLaunchScreenAnimationTests */ = {
			isa = PBXNativeTarget;
			buildConfigurationList = 04FC26B71DF6C70900CBDBFF /* Build configuration list for PBXNativeTarget "ZoeLaunchScreenAnimationTests" */;
			buildPhases = (
				04FC269C1DF6C70800CBDBFF /* Sources */,
				04FC269D1DF6C70800CBDBFF /* Frameworks */,
				04FC269E1DF6C70800CBDBFF /* Resources */,
			);
			buildRules = (
			);
			dependencies = (
				04FC26A21DF6C70800CBDBFF /* PBXTargetDependency */,
			);
			name = ZoeLaunchScreenAnimationTests;
			productName = ZoeLaunchScreenAnimationTests;
			productReference = 04FC26A01DF6C70800CBDBFF /* ZoeLaunchScreenAnimationTests.xctest */;
			productType = "com.apple.product-type.bundle.unit-test";
		};
		04FC26AA1DF6C70800CBDBFF /* ZoeLaunchScreenAnimationUITests */ = {
			isa = PBXNativeTarget;
			buildConfigurationList = 04FC26BA1DF6C70900CBDBFF /* Build configuration list for PBXNativeTarget "ZoeLaunchScreenAnimationUITests" */;
			buildPhases = (
				04FC26A71DF6C70800CBDBFF /* Sources */,
				04FC26A81DF6C70800CBDBFF /* Frameworks */,
				04FC26A91DF6C70800CBDBFF /* Resources */,
			);
			buildRules = (
			);
			dependencies = (
				04FC26AD1DF6C70800CBDBFF /* PBXTargetDependency */,
			);
			name = ZoeLaunchScreenAnimationUITests;
			productName = ZoeLaunchScreenAnimationUITests;
			productReference = 04FC26AB1DF6C70800CBDBFF /* ZoeLaunchScreenAnimationUITests.xctest */;
			productType = "com.apple.product-type.bundle.ui-testing";
		};
/* End PBXNativeTarget section */

/* Begin PBXProject section */
		04FC26841DF6C70700CBDBFF /* Project object */ = {
			isa = PBXProject;
			attributes = {
				LastSwiftUpdateCheck = 0810;
				LastUpgradeCheck = 0810;
				ORGANIZATIONNAME = mac;
				TargetAttributes = {
					04FC268B1DF6C70700CBDBFF = {
						CreatedOnToolsVersion = 8.1;
						ProvisioningStyle = Automatic;
					};
					04FC269F1DF6C70800CBDBFF = {
						CreatedOnToolsVersion = 8.1;
						ProvisioningStyle = Automatic;
						TestTargetID = 04FC268B1DF6C70700CBDBFF;
					};
					04FC26AA1DF6C70800CBDBFF = {
						CreatedOnToolsVersion = 8.1;
						ProvisioningStyle = Automatic;
						TestTargetID = 04FC268B1DF6C70700CBDBFF;
					};
				};
			};
			buildConfigurationList = 04FC26871DF6C70700CBDBFF /* Build configuration list for PBXProject "ZoeLaunchScreenAnimation" */;
			compatibilityVersion = "Xcode 3.2";
			developmentRegion = English;
			hasScannedForEncodings = 0;
			knownRegions = (
				en,
				Base,
			);
			mainGroup = 04FC26831DF6C70700CBDBFF;
			productRefGroup = 04FC268D1DF6C70800CBDBFF /* Products */;
			projectDirPath = "";
			projectRoot = "";
			targets = (
				04FC268B1DF6C70700CBDBFF /* ZoeLaunchScreenAnimation */,
				04FC269F1DF6C70800CBDBFF /* ZoeLaunchScreenAnimationTests */,
				04FC26AA1DF6C70800CBDBFF /* ZoeLaunchScreenAnimationUITests */,
			);
		};
/* End PBXProject section */

/* Begin PBXResourcesBuildPhase section */
		04FC268A1DF6C70700CBDBFF /* Resources */ = {
			isa = PBXResourcesBuildPhase;
			buildActionMask = 2147483647;
			files = (
				04FC269A1DF6C70800CBDBFF /* LaunchScreen.storyboard in Resources */,
				04FC26971DF6C70800CBDBFF /* Assets.xcassets in Resources */,
				04FC26951DF6C70800CBDBFF /* Main.storyboard in Resources */,
			);
			runOnlyForDeploymentPostprocessing = 0;
		};
		04FC269E1DF6C70800CBDBFF /* Resources */ = {
			isa = PBXResourcesBuildPhase;
			buildActionMask = 2147483647;
			files = (
			);
			runOnlyForDeploymentPostprocessing = 0;
		};
		04FC26A91DF6C70800CBDBFF /* Resources */ = {
			isa = PBXResourcesBuildPhase;
			buildActionMask = 2147483647;
			files = (
			);
			runOnlyForDeploymentPostprocessing = 0;
		};
/* End PBXResourcesBuildPhase section */

/* Begin PBXSourcesBuildPhase section */
		04FC26881DF6C70700CBDBFF /* Sources */ = {
			isa = PBXSourcesBuildPhase;
			buildActionMask = 2147483647;
			files = (
				04FC26921DF6C70800CBDBFF /* ViewController.swift in Sources */,
				04FC26901DF6C70800CBDBFF /* AppDelegate.swift in Sources */,
			);
			runOnlyForDeploymentPostprocessing = 0;
		};
		04FC269C1DF6C70800CBDBFF /* Sources */ = {
			isa = PBXSourcesBuildPhase;
			buildActionMask = 2147483647;
			files = (
				04FC26A51DF6C70800CBDBFF /* ZoeLaunchScreenAnimationTests.swift in Sources */,
			);
			runOnlyForDeploymentPostprocessing = 0;
		};
		04FC26A71DF6C70800CBDBFF /* Sources */ = {
			isa = PBXSourcesBuildPhase;
			buildActionMask = 2147483647;
			files = (
				04FC26B01DF6C70800CBDBFF /* ZoeLaunchScreenAnimationUITests.swift in Sources */,
			);
			runOnlyForDeploymentPostprocessing = 0;
		};
/* End PBXSourcesBuildPhase section */

/* Begin PBXTargetDependency section */
		04FC26A21DF6C70800CBDBFF /* PBXTargetDependency */ = {
			isa = PBXTargetDependency;
			target = 04FC268B1DF6C70700CBDBFF /* ZoeLaunchScreenAnimation */;
			targetProxy = 04FC26A11DF6C70800CBDBFF /* PBXContainerItemProxy */;
		};
		04FC26AD1DF6C70800CBDBFF /* PBXTargetDependency */ = {
			isa = PBXTargetDependency;
			target = 04FC268B1DF6C70700CBDBFF /* ZoeLaunchScreenAnimation */;
			targetProxy = 04FC26AC1DF6C70800CBDBFF /* PBXContainerItemProxy */;
		};
/* End PBXTargetDependency section */

/* Begin PBXVariantGroup section */
		04FC26931DF6C70800CBDBFF /* Main.storyboard */ = {
			isa = PBXVariantGroup;
			children = (
				04FC26941DF6C70800CBDBFF /* Base */,
			);
			name = Main.storyboard;
			sourceTree = "<group>";
		};
		04FC26981DF6C70800CBDBFF /* LaunchScreen.storyboard */ = {
			isa = PBXVariantGroup;
			children = (
				04FC26991DF6C70800CBDBFF /* Base */,
			);
			name = LaunchScreen.storyboard;
			sourceTree = "<group>";
		};
/* End PBXVariantGroup section */

/* Begin XCBuildConfiguration section */
		04FC26B21DF6C70900CBDBFF /* Debug */ = {
			isa = XCBuildConfiguration;
			buildSettings = {
				ALWAYS_SEARCH_USER_PATHS = NO;
				CLANG_ANALYZER_NONNULL = YES;
				CLANG_CXX_LANGUAGE_STANDARD = "gnu++0x";
				CLANG_CXX_LIBRARY = "libc++";
				CLANG_ENABLE_MODULES = YES;
				CLANG_ENABLE_OBJC_ARC = YES;
				CLANG_WARN_BOOL_CONVERSION = YES;
				CLANG_WARN_CONSTANT_CONVERSION = YES;
				CLANG_WARN_DIRECT_OBJC_ISA_USAGE = YES_ERROR;
				CLANG_WARN_DOCUMENTATION_COMMENTS = YES;
				CLANG_WARN_EMPTY_BODY = YES;
				CLANG_WARN_ENUM_CONVERSION = YES;
				CLANG_WARN_INFINITE_RECURSION = YES;
				CLANG_WARN_INT_CONVERSION = YES;
				CLANG_WARN_OBJC_ROOT_CLASS = YES_ERROR;
				CLANG_WARN_SUSPICIOUS_MOVES = YES;
				CLANG_WARN_UNREACHABLE_CODE = YES;
				CLANG_WARN__DUPLICATE_METHOD_MATCH = YES;
				"CODE_SIGN_IDENTITY[sdk=iphoneos*]" = "iPhone Developer";
				COPY_PHASE_STRIP = NO;
				DEBUG_INFORMATION_FORMAT = dwarf;
				ENABLE_STRICT_OBJC_MSGSEND = YES;
				ENABLE_TESTABILITY = YES;
				GCC_C_LANGUAGE_STANDARD = gnu99;
				GCC_DYNAMIC_NO_PIC = NO;
				GCC_NO_COMMON_BLOCKS = YES;
				GCC_OPTIMIZATION_LEVEL = 0;
				GCC_PREPROCESSOR_DEFINITIONS = (
					"DEBUG=1",
					"$(inherited)",
				);
				GCC_WARN_64_TO_32_BIT_CONVERSION = YES;
				GCC_WARN_ABOUT_RETURN_TYPE = YES_ERROR;
				GCC_WARN_UNDECLARED_SELECTOR = YES;
				GCC_WARN_UNINITIALIZED_AUTOS = YES_AGGRESSIVE;
				GCC_WARN_UNUSED_FUNCTION = YES;
				GCC_WARN_UNUSED_VARIABLE = YES;
				IPHONEOS_DEPLOYMENT_TARGET = 10.1;
				MTL_ENABLE_DEBUG_INFO = YES;
				ONLY_ACTIVE_ARCH = YES;
				SDKROOT = iphoneos;
				SWIFT_ACTIVE_COMPILATION_CONDITIONS = DEBUG;
				SWIFT_OPTIMIZATION_LEVEL = "-Onone";
			};
			name = Debug;
		};
		04FC26B31DF6C70900CBDBFF /* Release */ = {
			isa = XCBuildConfiguration;
			buildSettings = {
				ALWAYS_SEARCH_USER_PATHS = NO;
				CLANG_ANALYZER_NONNULL = YES;
				CLANG_CXX_LANGUAGE_STANDARD = "gnu++0x";
				CLANG_CXX_LIBRARY = "libc++";
				CLANG_ENABLE_MODULES = YES;
				CLANG_ENABLE_OBJC_ARC = YES;
				CLANG_WARN_BOOL_CONVERSION = YES;
				CLANG_WARN_CONSTANT_CONVERSION = YES;
				CLANG_WARN_DIRECT_OBJC_ISA_USAGE = YES_ERROR;
				CLANG_WARN_DOCUMENTATION_COMMENTS = YES;
				CLANG_WARN_EMPTY_BODY = YES;
				CLANG_WARN_ENUM_CONVERSION = YES;
				CLANG_WARN_INFINITE_RECURSION = YES;
				CLANG_WARN_INT_CONVERSION = YES;
				CLANG_WARN_OBJC_ROOT_CLASS = YES_ERROR;
				CLANG_WARN_SUSPICIOUS_MOVES = YES;
				CLANG_WARN_UNREACHABLE_CODE = YES;
				CLANG_WARN__DUPLICATE_METHOD_MATCH = YES;
				"CODE_SIGN_IDENTITY[sdk=iphoneos*]" = "iPhone Developer";
				COPY_PHASE_STRIP = NO;
				DEBUG_INFORMATION_FORMAT = "dwarf-with-dsym";
				ENABLE_NS_ASSERTIONS = NO;
				ENABLE_STRICT_OBJC_MSGSEND = YES;
				GCC_C_LANGUAGE_STANDARD = gnu99;
				GCC_NO_COMMON_BLOCKS = YES;
				GCC_WARN_64_TO_32_BIT_CONVERSION = YES;
				GCC_WARN_ABOUT_RETURN_TYPE = YES_ERROR;
				GCC_WARN_UNDECLARED_SELECTOR = YES;
				GCC_WARN_UNINITIALIZED_AUTOS = YES_AGGRESSIVE;
				GCC_WARN_UNUSED_FUNCTION = YES;
				GCC_WARN_UNUSED_VARIABLE = YES;
				IPHONEOS_DEPLOYMENT_TARGET = 10.1;
				MTL_ENABLE_DEBUG_INFO = NO;
				SDKROOT = iphoneos;
				SWIFT_OPTIMIZATION_LEVEL = "-Owholemodule";
				VALIDATE_PRODUCT = YES;
			};
			name = Release;
		};
		04FC26B51DF6C70900CBDBFF /* Debug */ = {
			isa = XCBuildConfiguration;
			buildSettings = {
				ASSETCATALOG_COMPILER_APPICON_NAME = AppIcon;
				INFOPLIST_FILE = ZoeLaunchScreenAnimation/Info.plist;
				LD_RUNPATH_SEARCH_PATHS = "$(inherited) @executable_path/Frameworks";
				PRODUCT_BUNDLE_IDENTIFIER = zoe.ZoeLaunchScreenAnimation;
				PRODUCT_NAME = "$(TARGET_NAME)";
				SWIFT_VERSION = 3.0;
			};
			name = Debug;
		};
		04FC26B61DF6C70900CBDBFF /* Release */ = {
			isa = XCBuildConfiguration;
			buildSettings = {
				ASSETCATALOG_COMPILER_APPICON_NAME = AppIcon;
				INFOPLIST_FILE = ZoeLaunchScreenAnimation/Info.plist;
				LD_RUNPATH_SEARCH_PATHS = "$(inherited) @executable_path/Frameworks";
				PRODUCT_BUNDLE_IDENTIFIER = zoe.ZoeLaunchScreenAnimation;
				PRODUCT_NAME = "$(TARGET_NAME)";
				SWIFT_VERSION = 3.0;
			};
			name = Release;
		};
		04FC26B81DF6C70900CBDBFF /* Debug */ = {
			isa = XCBuildConfiguration;
			buildSettings = {
				ALWAYS_EMBED_SWIFT_STANDARD_LIBRARIES = YES;
				BUNDLE_LOADER = "$(TEST_HOST)";
				INFOPLIST_FILE = ZoeLaunchScreenAnimationTests/Info.plist;
				LD_RUNPATH_SEARCH_PATHS = "$(inherited) @executable_path/Frameworks @loader_path/Frameworks";
				PRODUCT_BUNDLE_IDENTIFIER = zoe.ZoeLaunchScreenAnimationTests;
				PRODUCT_NAME = "$(TARGET_NAME)";
				SWIFT_VERSION = 3.0;
				TEST_HOST = "$(BUILT_PRODUCTS_DIR)/ZoeLaunchScreenAnimation.app/ZoeLaunchScreenAnimation";
			};
			name = Debug;
		};
		04FC26B91DF6C70900CBDBFF /* Release */ = {
			isa = XCBuildConfiguration;
			buildSettings = {
				ALWAYS_EMBED_SWIFT_STANDARD_LIBRARIES = YES;
				BUNDLE_LOADER = "$(TEST_HOST)";
				INFOPLIST_FILE = ZoeLaunchScreenAnimationTests/Info.plist;
				LD_RUNPATH_SEARCH_PATHS = "$(inherited) @executable_path/Frameworks @loader_path/Frameworks";
				PRODUCT_BUNDLE_IDENTIFIER = zoe.ZoeLaunchScreenAnimationTests;
				PRODUCT_NAME = "$(TARGET_NAME)";
				SWIFT_VERSION = 3.0;
				TEST_HOST = "$(BUILT_PRODUCTS_DIR)/ZoeLaunchScreenAnimation.app/ZoeLaunchScreenAnimation";
			};
			name = Release;
		};
		04FC26BB1DF6C70900CBDBFF /* Debug */ = {
			isa = XCBuildConfiguration;
			buildSettings = {
				ALWAYS_EMBED_SWIFT_STANDARD_LIBRARIES = YES;
				INFOPLIST_FILE = ZoeLaunchScreenAnimationUITests/Info.plist;
				LD_RUNPATH_SEARCH_PATHS = "$(inherited) @executable_path/Frameworks @loader_path/Frameworks";
				PRODUCT_BUNDLE_IDENTIFIER = zoe.ZoeLaunchScreenAnimationUITests;
				PRODUCT_NAME = "$(TARGET_NAME)";
				SWIFT_VERSION = 3.0;
				TEST_TARGET_NAME = ZoeLaunchScreenAnimation;
			};
			name = Debug;
		};
		04FC26BC1DF6C70900CBDBFF /* Release */ = {
			isa = XCBuildConfiguration;
			buildSettings = {
				ALWAYS_EMBED_SWIFT_STANDARD_LIBRARIES = YES;
				INFOPLIST_FILE = ZoeLaunchScreenAnimationUITests/Info.plist;
				LD_RUNPATH_SEARCH_PATHS = "$(inherited) @executable_path/Frameworks @loader_path/Frameworks";
				PRODUCT_BUNDLE_IDENTIFIER = zoe.ZoeLaunchScreenAnimationUITests;
				PRODUCT_NAME = "$(TARGET_NAME)";
				SWIFT_VERSION = 3.0;
				TEST_TARGET_NAME = ZoeLaunchScreenAnimation;
			};
			name = Release;
		};
/* End XCBuildConfiguration section */

/* Begin XCConfigurationList section */
		04FC26871DF6C70700CBDBFF /* Build configuration list for PBXProject "ZoeLaunchScreenAnimation" */ = {
			isa = XCConfigurationList;
			buildConfigurations = (
				04FC26B21DF6C70900CBDBFF /* Debug */,
				04FC26B31DF6C70900CBDBFF /* Release */,
			);
			defaultConfigurationIsVisible = 0;
			defaultConfigurationName = Release;
		};
		04FC26B41DF6C70900CBDBFF /* Build configuration list for PBXNativeTarget "ZoeLaunchScreenAnimation" */ = {
			isa = XCConfigurationList;
			buildConfigurations = (
				04FC26B51DF6C70900CBDBFF /* Debug */,
				04FC26B61DF6C70900CBDBFF /* Release */,
			);
			defaultConfigurationIsVisible = 0;
		};
		04FC26B71DF6C70900CBDBFF /* Build configuration list for PBXNativeTarget "ZoeLaunchScreenAnimationTests" */ = {
			isa = XCConfigurationList;
			buildConfigurations = (
				04FC26B81DF6C70900CBDBFF /* Debug */,
				04FC26B91DF6C70900CBDBFF /* Release */,
			);
			defaultConfigurationIsVisible = 0;
		};
		04FC26BA1DF6C70900CBDBFF /* Build configuration list for PBXNativeTarget "ZoeLaunchScreenAnimationUITests" */ = {
			isa = XCConfigurationList;
			buildConfigurations = (
				04FC26BB1DF6C70900CBDBFF /* Debug */,
				04FC26BC1DF6C70900CBDBFF /* Release */,
			);
			defaultConfigurationIsVisible = 0;
		};
/* End XCConfigurationList section */
	};
	rootObject = 04FC26841DF6C70700CBDBFF /* Project object */;
}
